// !$*UTF8*$!
{
	archiveVersion = 1;
	classes = {
	};
	objectVersion = 56;
	objects = {

/* Begin PBXBuildFile section */
		DE2681B4293BDA6D00F1B5FC /* AppDelegate.swift in Sources */ = {isa = PBXBuildFile; fileRef = DE2681B3293BDA6D00F1B5FC /* AppDelegate.swift */; };
		DE2681B6293BDA6D00F1B5FC /* SceneDelegate.swift in Sources */ = {isa = PBXBuildFile; fileRef = DE2681B5293BDA6D00F1B5FC /* SceneDelegate.swift */; };
		DE2681B8293BDA6D00F1B5FC /* ViewController.swift in Sources */ = {isa = PBXBuildFile; fileRef = DE2681B7293BDA6D00F1B5FC /* ViewController.swift */; };
		DE2681BB293BDA6D00F1B5FC /* Main.storyboard in Resources */ = {isa = PBXBuildFile; fileRef = DE2681B9293BDA6D00F1B5FC /* Main.storyboard */; };
		DE2681BD293BDA7000F1B5FC /* Assets.xcassets in Resources */ = {isa = PBXBuildFile; fileRef = DE2681BC293BDA7000F1B5FC /* Assets.xcassets */; };
		DE2681C0293BDA7000F1B5FC /* LaunchScreen.storyboard in Resources */ = {isa = PBXBuildFile; fileRef = DE2681BE293BDA7000F1B5FC /* LaunchScreen.storyboard */; };
		DEC854B3293C944900A8660E /* NetworkService.swift in Sources */ = {isa = PBXBuildFile; fileRef = DEC854B2293C944900A8660E /* NetworkService.swift */; };
		DEC854B9293CFC4700A8660E /* ProductProtocol.swift in Sources */ = {isa = PBXBuildFile; fileRef = DEC854B8293CFC4700A8660E /* ProductProtocol.swift */; };
		DEC854BB293CFC8100A8660E /* CartProduct.swift in Sources */ = {isa = PBXBuildFile; fileRef = DEC854BA293CFC8100A8660E /* CartProduct.swift */; };
		DEC854BD293CFCA000A8660E /* HomeStoreProduct.swift in Sources */ = {isa = PBXBuildFile; fileRef = DEC854BC293CFCA000A8660E /* HomeStoreProduct.swift */; };
		DEC854BF293CFCBE00A8660E /* BestSellerProduct.swift in Sources */ = {isa = PBXBuildFile; fileRef = DEC854BE293CFCBE00A8660E /* BestSellerProduct.swift */; };
		DEC854C1293CFCCF00A8660E /* DetailProduct.swift in Sources */ = {isa = PBXBuildFile; fileRef = DEC854C0293CFCCF00A8660E /* DetailProduct.swift */; };
		DEC854C4293CFCFF00A8660E /* Cart.swift in Sources */ = {isa = PBXBuildFile; fileRef = DEC854C3293CFCFF00A8660E /* Cart.swift */; };
		DEC854C6293CFD1400A8660E /* ProductList.swift in Sources */ = {isa = PBXBuildFile; fileRef = DEC854C5293CFD1400A8660E /* ProductList.swift */; };
		DEF19E15293C9A7D0080EA00 /* AppCoordinator.swift in Sources */ = {isa = PBXBuildFile; fileRef = DEF19E14293C9A7D0080EA00 /* AppCoordinator.swift */; };
		DEF19E17293C9A8A0080EA00 /* FlowFactory.swift in Sources */ = {isa = PBXBuildFile; fileRef = DEF19E16293C9A890080EA00 /* FlowFactory.swift */; };
/* End PBXBuildFile section */

/* Begin PBXFileReference section */
		DE2681B0293BDA6D00F1B5FC /* GadgetShop.app */ = {isa = PBXFileReference; explicitFileType = wrapper.application; includeInIndex = 0; path = GadgetShop.app; sourceTree = BUILT_PRODUCTS_DIR; };
		DE2681B3293BDA6D00F1B5FC /* AppDelegate.swift */ = {isa = PBXFileReference; lastKnownFileType = sourcecode.swift; path = AppDelegate.swift; sourceTree = "<group>"; };
		DE2681B5293BDA6D00F1B5FC /* SceneDelegate.swift */ = {isa = PBXFileReference; lastKnownFileType = sourcecode.swift; path = SceneDelegate.swift; sourceTree = "<group>"; };
		DE2681B7293BDA6D00F1B5FC /* ViewController.swift */ = {isa = PBXFileReference; lastKnownFileType = sourcecode.swift; path = ViewController.swift; sourceTree = "<group>"; };
		DE2681BA293BDA6D00F1B5FC /* Base */ = {isa = PBXFileReference; lastKnownFileType = file.storyboard; name = Base; path = Base.lproj/Main.storyboard; sourceTree = "<group>"; };
		DE2681BC293BDA7000F1B5FC /* Assets.xcassets */ = {isa = PBXFileReference; lastKnownFileType = folder.assetcatalog; path = Assets.xcassets; sourceTree = "<group>"; };
		DE2681BF293BDA7000F1B5FC /* Base */ = {isa = PBXFileReference; lastKnownFileType = file.storyboard; name = Base; path = Base.lproj/LaunchScreen.storyboard; sourceTree = "<group>"; };
		DE2681C1293BDA7000F1B5FC /* Info.plist */ = {isa = PBXFileReference; lastKnownFileType = text.plist.xml; path = Info.plist; sourceTree = "<group>"; };
		DE2681CA293BEB2100F1B5FC /* MARKPRO-HEAVY.OTF */ = {isa = PBXFileReference; lastKnownFileType = file; path = "MARKPRO-HEAVY.OTF"; sourceTree = "<group>"; };
		DE2681CB293BEB2100F1B5FC /* MARKPRO-BOLD.OTF */ = {isa = PBXFileReference; lastKnownFileType = file; path = "MARKPRO-BOLD.OTF"; sourceTree = "<group>"; };
		DE2681CC293BEB2100F1B5FC /* MARKPRO-BLACK.OTF */ = {isa = PBXFileReference; lastKnownFileType = file; path = "MARKPRO-BLACK.OTF"; sourceTree = "<group>"; };
		DE2681CD293BEB2100F1B5FC /* MARKPRO-MEDIUM.OTF */ = {isa = PBXFileReference; lastKnownFileType = file; path = "MARKPRO-MEDIUM.OTF"; sourceTree = "<group>"; };
		DE2681CE293BEB2D00F1B5FC /* Mark Pro.ttf */ = {isa = PBXFileReference; lastKnownFileType = file; path = "Mark Pro.ttf"; sourceTree = "<group>"; };
		DEC854B2293C944900A8660E /* NetworkService.swift */ = {isa = PBXFileReference; lastKnownFileType = sourcecode.swift; path = NetworkService.swift; sourceTree = "<group>"; };
		DEC854B8293CFC4700A8660E /* ProductProtocol.swift */ = {isa = PBXFileReference; lastKnownFileType = sourcecode.swift; path = ProductProtocol.swift; sourceTree = "<group>"; };
		DEC854BA293CFC8100A8660E /* CartProduct.swift */ = {isa = PBXFileReference; lastKnownFileType = sourcecode.swift; path = CartProduct.swift; sourceTree = "<group>"; };
		DEC854BC293CFCA000A8660E /* HomeStoreProduct.swift */ = {isa = PBXFileReference; lastKnownFileType = sourcecode.swift; path = HomeStoreProduct.swift; sourceTree = "<group>"; };
		DEC854BE293CFCBE00A8660E /* BestSellerProduct.swift */ = {isa = PBXFileReference; lastKnownFileType = sourcecode.swift; path = BestSellerProduct.swift; sourceTree = "<group>"; };
		DEC854C0293CFCCF00A8660E /* DetailProduct.swift */ = {isa = PBXFileReference; lastKnownFileType = sourcecode.swift; path = DetailProduct.swift; sourceTree = "<group>"; };
		DEC854C3293CFCFF00A8660E /* Cart.swift */ = {isa = PBXFileReference; lastKnownFileType = sourcecode.swift; path = Cart.swift; sourceTree = "<group>"; };
		DEC854C5293CFD1400A8660E /* ProductList.swift */ = {isa = PBXFileReference; lastKnownFileType = sourcecode.swift; path = ProductList.swift; sourceTree = "<group>"; };
		DEF19E14293C9A7D0080EA00 /* AppCoordinator.swift */ = {isa = PBXFileReference; fileEncoding = 4; lastKnownFileType = sourcecode.swift; path = AppCoordinator.swift; sourceTree = "<group>"; };
		DEF19E16293C9A890080EA00 /* FlowFactory.swift */ = {isa = PBXFileReference; fileEncoding = 4; lastKnownFileType = sourcecode.swift; path = FlowFactory.swift; sourceTree = "<group>"; };
/* End PBXFileReference section */

/* Begin PBXFrameworksBuildPhase section */
		DE2681AD293BDA6D00F1B5FC /* Frameworks */ = {
			isa = PBXFrameworksBuildPhase;
			buildActionMask = 2147483647;
			files = (
			);
			runOnlyForDeploymentPostprocessing = 0;
		};
/* End PBXFrameworksBuildPhase section */

/* Begin PBXGroup section */
		DE2681A7293BDA6D00F1B5FC = {
			isa = PBXGroup;
			children = (
				DE2681B2293BDA6D00F1B5FC /* GadgetShop */,
				DE2681B1293BDA6D00F1B5FC /* Products */,
			);
			sourceTree = "<group>";
		};
		DE2681B1293BDA6D00F1B5FC /* Products */ = {
			isa = PBXGroup;
			children = (
				DE2681B0293BDA6D00F1B5FC /* GadgetShop.app */,
			);
			name = Products;
			sourceTree = "<group>";
		};
		DE2681B2293BDA6D00F1B5FC /* GadgetShop */ = {
			isa = PBXGroup;
			children = (
				DE2681B3293BDA6D00F1B5FC /* AppDelegate.swift */,
				DE2681B5293BDA6D00F1B5FC /* SceneDelegate.swift */,
				DEF19E14293C9A7D0080EA00 /* AppCoordinator.swift */,
				DEF19E16293C9A890080EA00 /* FlowFactory.swift */,
				DEC854B1293C943300A8660E /* Services */,
				DE2681D9293BF9C600F1B5FC /* Model */,
				DE2681B7293BDA6D00F1B5FC /* ViewController.swift */,
				DE2681B9293BDA6D00F1B5FC /* Main.storyboard */,
				DE2681BE293BDA7000F1B5FC /* LaunchScreen.storyboard */,
				DE2681C7293BE66400F1B5FC /* Resources */,
				DE2681C1293BDA7000F1B5FC /* Info.plist */,
			);
			path = GadgetShop;
			sourceTree = "<group>";
		};
		DE2681C7293BE66400F1B5FC /* Resources */ = {
			isa = PBXGroup;
			children = (
				DE2681C8293BE68100F1B5FC /* Fonts */,
				DE2681BC293BDA7000F1B5FC /* Assets.xcassets */,
			);
			path = Resources;
			sourceTree = "<group>";
		};
		DE2681C8293BE68100F1B5FC /* Fonts */ = {
			isa = PBXGroup;
			children = (
				DE2681CC293BEB2100F1B5FC /* MARKPRO-BLACK.OTF */,
				DE2681CB293BEB2100F1B5FC /* MARKPRO-BOLD.OTF */,
				DE2681CA293BEB2100F1B5FC /* MARKPRO-HEAVY.OTF */,
				DE2681CD293BEB2100F1B5FC /* MARKPRO-MEDIUM.OTF */,
				DE2681CE293BEB2D00F1B5FC /* Mark Pro.ttf */,
			);
			path = Fonts;
			sourceTree = "<group>";
		};
		DE2681D9293BF9C600F1B5FC /* Model */ = {
			isa = PBXGroup;
			children = (
				DEC854C2293CFCE900A8660E /* Product */,
				DEC854C3293CFCFF00A8660E /* Cart.swift */,
				DEC854C5293CFD1400A8660E /* ProductList.swift */,
			);
			path = Model;
			sourceTree = "<group>";
		};
		DEC854B1293C943300A8660E /* Services */ = {
			isa = PBXGroup;
			children = (
				DEC854B2293C944900A8660E /* NetworkService.swift */,
			);
			path = Services;
			sourceTree = "<group>";
		};
		DEC854C2293CFCE900A8660E /* Product */ = {
			isa = PBXGroup;
			children = (
				DEC854B8293CFC4700A8660E /* ProductProtocol.swift */,
				DEC854BA293CFC8100A8660E /* CartProduct.swift */,
				DEC854BC293CFCA000A8660E /* HomeStoreProduct.swift */,
				DEC854BE293CFCBE00A8660E /* BestSellerProduct.swift */,
				DEC854C0293CFCCF00A8660E /* DetailProduct.swift */,
			);
			path = Product;
			sourceTree = "<group>";
		};
/* End PBXGroup section */

/* Begin PBXNativeTarget section */
		DE2681AF293BDA6D00F1B5FC /* GadgetShop */ = {
			isa = PBXNativeTarget;
			buildConfigurationList = DE2681C4293BDA7000F1B5FC /* Build configuration list for PBXNativeTarget "GadgetShop" */;
			buildPhases = (
				DE2681AC293BDA6D00F1B5FC /* Sources */,
				DE2681AD293BDA6D00F1B5FC /* Frameworks */,
				DE2681AE293BDA6D00F1B5FC /* Resources */,
			);
			buildRules = (
			);
			dependencies = (
			);
			name = GadgetShop;
			productName = GadgetShop;
			productReference = DE2681B0293BDA6D00F1B5FC /* GadgetShop.app */;
			productType = "com.apple.product-type.application";
		};
/* End PBXNativeTarget section */

/* Begin PBXProject section */
		DE2681A8293BDA6D00F1B5FC /* Project object */ = {
			isa = PBXProject;
			attributes = {
				BuildIndependentTargetsInParallel = 1;
				LastSwiftUpdateCheck = 1410;
				LastUpgradeCheck = 1410;
				TargetAttributes = {
					DE2681AF293BDA6D00F1B5FC = {
						CreatedOnToolsVersion = 14.1;
					};
				};
			};
			buildConfigurationList = DE2681AB293BDA6D00F1B5FC /* Build configuration list for PBXProject "GadgetShop" */;
			compatibilityVersion = "Xcode 14.0";
			developmentRegion = en;
			hasScannedForEncodings = 0;
			knownRegions = (
				en,
				Base,
			);
			mainGroup = DE2681A7293BDA6D00F1B5FC;
			productRefGroup = DE2681B1293BDA6D00F1B5FC /* Products */;
			projectDirPath = "";
			projectRoot = "";
			targets = (
				DE2681AF293BDA6D00F1B5FC /* GadgetShop */,
			);
		};
/* End PBXProject section */

/* Begin PBXResourcesBuildPhase section */
		DE2681AE293BDA6D00F1B5FC /* Resources */ = {
			isa = PBXResourcesBuildPhase;
			buildActionMask = 2147483647;
			files = (
				DE2681C0293BDA7000F1B5FC /* LaunchScreen.storyboard in Resources */,
				DE2681BD293BDA7000F1B5FC /* Assets.xcassets in Resources */,
				DE2681BB293BDA6D00F1B5FC /* Main.storyboard in Resources */,
			);
			runOnlyForDeploymentPostprocessing = 0;
		};
/* End PBXResourcesBuildPhase section */

/* Begin PBXSourcesBuildPhase section */
		DE2681AC293BDA6D00F1B5FC /* Sources */ = {
			isa = PBXSourcesBuildPhase;
			buildActionMask = 2147483647;
			files = (
				DEF19E15293C9A7D0080EA00 /* AppCoordinator.swift in Sources */,
				DEC854BF293CFCBE00A8660E /* BestSellerProduct.swift in Sources */,
				DEF19E17293C9A8A0080EA00 /* FlowFactory.swift in Sources */,
				DE2681B8293BDA6D00F1B5FC /* ViewController.swift in Sources */,
				DE2681B4293BDA6D00F1B5FC /* AppDelegate.swift in Sources */,
				DEC854BD293CFCA000A8660E /* HomeStoreProduct.swift in Sources */,
				DEC854B9293CFC4700A8660E /* ProductProtocol.swift in Sources */,
				DEC854BB293CFC8100A8660E /* CartProduct.swift in Sources */,
				DEC854B3293C944900A8660E /* NetworkService.swift in Sources */,
				DEC854C4293CFCFF00A8660E /* Cart.swift in Sources */,
				DEC854C6293CFD1400A8660E /* ProductList.swift in Sources */,
				DEC854C1293CFCCF00A8660E /* DetailProduct.swift in Sources */,
				DE2681B6293BDA6D00F1B5FC /* SceneDelegate.swift in Sources */,
			);
			runOnlyForDeploymentPostprocessing = 0;
		};
/* End PBXSourcesBuildPhase section */

/* Begin PBXVariantGroup section */
		DE2681B9293BDA6D00F1B5FC /* Main.storyboard */ = {
			isa = PBXVariantGroup;
			children = (
				DE2681BA293BDA6D00F1B5FC /* Base */,
			);
			name = Main.storyboard;
			sourceTree = "<group>";
		};
		DE2681BE293BDA7000F1B5FC /* LaunchScreen.storyboard */ = {
			isa = PBXVariantGroup;
			children = (
				DE2681BF293BDA7000F1B5FC /* Base */,
			);
			name = LaunchScreen.storyboard;
			sourceTree = "<group>";
		};
/* End PBXVariantGroup section */

/* Begin XCBuildConfiguration section */
		DE2681C2293BDA7000F1B5FC /* Debug */ = {
			isa = XCBuildConfiguration;
			buildSettings = {
				ALWAYS_SEARCH_USER_PATHS = NO;
				CLANG_ANALYZER_NONNULL = YES;
				CLANG_ANALYZER_NUMBER_OBJECT_CONVERSION = YES_AGGRESSIVE;
				CLANG_CXX_LANGUAGE_STANDARD = "gnu++20";
				CLANG_ENABLE_MODULES = YES;
				CLANG_ENABLE_OBJC_ARC = YES;
				CLANG_ENABLE_OBJC_WEAK = YES;
				CLANG_WARN_BLOCK_CAPTURE_AUTORELEASING = YES;
				CLANG_WARN_BOOL_CONVERSION = YES;
				CLANG_WARN_COMMA = YES;
				CLANG_WARN_CONSTANT_CONVERSION = YES;
				CLANG_WARN_DEPRECATED_OBJC_IMPLEMENTATIONS = YES;
				CLANG_WARN_DIRECT_OBJC_ISA_USAGE = YES_ERROR;
				CLANG_WARN_DOCUMENTATION_COMMENTS = YES;
				CLANG_WARN_EMPTY_BODY = YES;
				CLANG_WARN_ENUM_CONVERSION = YES;
				CLANG_WARN_INFINITE_RECURSION = YES;
				CLANG_WARN_INT_CONVERSION = YES;
				CLANG_WARN_NON_LITERAL_NULL_CONVERSION = YES;
				CLANG_WARN_OBJC_IMPLICIT_RETAIN_SELF = YES;
				CLANG_WARN_OBJC_LITERAL_CONVERSION = YES;
				CLANG_WARN_OBJC_ROOT_CLASS = YES_ERROR;
				CLANG_WARN_QUOTED_INCLUDE_IN_FRAMEWORK_HEADER = YES;
				CLANG_WARN_RANGE_LOOP_ANALYSIS = YES;
				CLANG_WARN_STRICT_PROTOTYPES = YES;
				CLANG_WARN_SUSPICIOUS_MOVE = YES;
				CLANG_WARN_UNGUARDED_AVAILABILITY = YES_AGGRESSIVE;
				CLANG_WARN_UNREACHABLE_CODE = YES;
				CLANG_WARN__DUPLICATE_METHOD_MATCH = YES;
				COPY_PHASE_STRIP = NO;
				DEBUG_INFORMATION_FORMAT = dwarf;
				ENABLE_STRICT_OBJC_MSGSEND = YES;
				ENABLE_TESTABILITY = YES;
				GCC_C_LANGUAGE_STANDARD = gnu11;
				GCC_DYNAMIC_NO_PIC = NO;
				GCC_NO_COMMON_BLOCKS = YES;
				GCC_OPTIMIZATION_LEVEL = 0;
				GCC_PREPROCESSOR_DEFINITIONS = (
					"DEBUG=1",
					"$(inherited)",
				);
				GCC_WARN_64_TO_32_BIT_CONVERSION = YES;
				GCC_WARN_ABOUT_RETURN_TYPE = YES_ERROR;
				GCC_WARN_UNDECLARED_SELECTOR = YES;
				GCC_WARN_UNINITIALIZED_AUTOS = YES_AGGRESSIVE;
				GCC_WARN_UNUSED_FUNCTION = YES;
				GCC_WARN_UNUSED_VARIABLE = YES;
				IPHONEOS_DEPLOYMENT_TARGET = 16.1;
				MTL_ENABLE_DEBUG_INFO = INCLUDE_SOURCE;
				MTL_FAST_MATH = YES;
				ONLY_ACTIVE_ARCH = YES;
				SDKROOT = iphoneos;
				SWIFT_ACTIVE_COMPILATION_CONDITIONS = DEBUG;
				SWIFT_OPTIMIZATION_LEVEL = "-Onone";
			};
			name = Debug;
		};
		DE2681C3293BDA7000F1B5FC /* Release */ = {
			isa = XCBuildConfiguration;
			buildSettings = {
				ALWAYS_SEARCH_USER_PATHS = NO;
				CLANG_ANALYZER_NONNULL = YES;
				CLANG_ANALYZER_NUMBER_OBJECT_CONVERSION = YES_AGGRESSIVE;
				CLANG_CXX_LANGUAGE_STANDARD = "gnu++20";
				CLANG_ENABLE_MODULES = YES;
				CLANG_ENABLE_OBJC_ARC = YES;
				CLANG_ENABLE_OBJC_WEAK = YES;
				CLANG_WARN_BLOCK_CAPTURE_AUTORELEASING = YES;
				CLANG_WARN_BOOL_CONVERSION = YES;
				CLANG_WARN_COMMA = YES;
				CLANG_WARN_CONSTANT_CONVERSION = YES;
				CLANG_WARN_DEPRECATED_OBJC_IMPLEMENTATIONS = YES;
				CLANG_WARN_DIRECT_OBJC_ISA_USAGE = YES_ERROR;
				CLANG_WARN_DOCUMENTATION_COMMENTS = YES;
				CLANG_WARN_EMPTY_BODY = YES;
				CLANG_WARN_ENUM_CONVERSION = YES;
				CLANG_WARN_INFINITE_RECURSION = YES;
				CLANG_WARN_INT_CONVERSION = YES;
				CLANG_WARN_NON_LITERAL_NULL_CONVERSION = YES;
				CLANG_WARN_OBJC_IMPLICIT_RETAIN_SELF = YES;
				CLANG_WARN_OBJC_LITERAL_CONVERSION = YES;
				CLANG_WARN_OBJC_ROOT_CLASS = YES_ERROR;
				CLANG_WARN_QUOTED_INCLUDE_IN_FRAMEWORK_HEADER = YES;
				CLANG_WARN_RANGE_LOOP_ANALYSIS = YES;
				CLANG_WARN_STRICT_PROTOTYPES = YES;
				CLANG_WARN_SUSPICIOUS_MOVE = YES;
				CLANG_WARN_UNGUARDED_AVAILABILITY = YES_AGGRESSIVE;
				CLANG_WARN_UNREACHABLE_CODE = YES;
				CLANG_WARN__DUPLICATE_METHOD_MATCH = YES;
				COPY_PHASE_STRIP = NO;
				DEBUG_INFORMATION_FORMAT = "dwarf-with-dsym";
				ENABLE_NS_ASSERTIONS = NO;
				ENABLE_STRICT_OBJC_MSGSEND = YES;
				GCC_C_LANGUAGE_STANDARD = gnu11;
				GCC_NO_COMMON_BLOCKS = YES;
				GCC_WARN_64_TO_32_BIT_CONVERSION = YES;
				GCC_WARN_ABOUT_RETURN_TYPE = YES_ERROR;
				GCC_WARN_UNDECLARED_SELECTOR = YES;
				GCC_WARN_UNINITIALIZED_AUTOS = YES_AGGRESSIVE;
				GCC_WARN_UNUSED_FUNCTION = YES;
				GCC_WARN_UNUSED_VARIABLE = YES;
				IPHONEOS_DEPLOYMENT_TARGET = 16.1;
				MTL_ENABLE_DEBUG_INFO = NO;
				MTL_FAST_MATH = YES;
				SDKROOT = iphoneos;
				SWIFT_COMPILATION_MODE = wholemodule;
				SWIFT_OPTIMIZATION_LEVEL = "-O";
				VALIDATE_PRODUCT = YES;
			};
			name = Release;
		};
		DE2681C5293BDA7000F1B5FC /* Debug */ = {
			isa = XCBuildConfiguration;
			buildSettings = {
				ASSETCATALOG_COMPILER_APPICON_NAME = AppIcon;
				ASSETCATALOG_COMPILER_GLOBAL_ACCENT_COLOR_NAME = AccentColor;
				CODE_SIGN_STYLE = Automatic;
				CURRENT_PROJECT_VERSION = 1;
				DEVELOPMENT_TEAM = DVR9X2HBAM;
				GENERATE_INFOPLIST_FILE = YES;
				INFOPLIST_FILE = GadgetShop/Info.plist;
				INFOPLIST_KEY_UIApplicationSupportsIndirectInputEvents = YES;
				INFOPLIST_KEY_UILaunchStoryboardName = LaunchScreen.storyboard;
				INFOPLIST_KEY_UIMainStoryboardFile = Main;
				INFOPLIST_KEY_UISupportedInterfaceOrientations = UIInterfaceOrientationPortrait;
				INFOPLIST_KEY_UISupportedInterfaceOrientations_iPad = "UIInterfaceOrientationLandscapeLeft UIInterfaceOrientationLandscapeRight UIInterfaceOrientationPortrait UIInterfaceOrientationPortraitUpsideDown";
				IPHONEOS_DEPLOYMENT_TARGET = 15.0;
				LD_RUNPATH_SEARCH_PATHS = (
					"$(inherited)",
					"@executable_path/Frameworks",
				);
				MARKETING_VERSION = 1.0;
				PRODUCT_BUNDLE_IDENTIFIER = test.GadgetShop;
				PRODUCT_NAME = "$(TARGET_NAME)";
				SUPPORTED_PLATFORMS = "iphoneos iphonesimulator";
				SUPPORTS_MACCATALYST = NO;
				SUPPORTS_MAC_DESIGNED_FOR_IPHONE_IPAD = NO;
				SWIFT_EMIT_LOC_STRINGS = YES;
				SWIFT_VERSION = 5.0;
				TARGETED_DEVICE_FAMILY = 1;
			};
			name = Debug;
		};
		DE2681C6293BDA7000F1B5FC /* Release */ = {
			isa = XCBuildConfiguration;
			buildSettings = {
				ASSETCATALOG_COMPILER_APPICON_NAME = AppIcon;
				ASSETCATALOG_COMPILER_GLOBAL_ACCENT_COLOR_NAME = AccentColor;
				CODE_SIGN_STYLE = Automatic;
				CURRENT_PROJECT_VERSION = 1;
				DEVELOPMENT_TEAM = DVR9X2HBAM;
				GENERATE_INFOPLIST_FILE = YES;
				INFOPLIST_FILE = GadgetShop/Info.plist;
				INFOPLIST_KEY_UIApplicationSupportsIndirectInputEvents = YES;
				INFOPLIST_KEY_UILaunchStoryboardName = LaunchScreen.storyboard;
				INFOPLIST_KEY_UIMainStoryboardFile = Main;
				INFOPLIST_KEY_UISupportedInterfaceOrientations = UIInterfaceOrientationPortrait;
				INFOPLIST_KEY_UISupportedInterfaceOrientations_iPad = "UIInterfaceOrientationLandscapeLeft UIInterfaceOrientationLandscapeRight UIInterfaceOrientationPortrait UIInterfaceOrientationPortraitUpsideDown";
				IPHONEOS_DEPLOYMENT_TARGET = 15.0;
				LD_RUNPATH_SEARCH_PATHS = (
					"$(inherited)",
					"@executable_path/Frameworks",
				);
				MARKETING_VERSION = 1.0;
				PRODUCT_BUNDLE_IDENTIFIER = test.GadgetShop;
				PRODUCT_NAME = "$(TARGET_NAME)";
				SUPPORTED_PLATFORMS = "iphoneos iphonesimulator";
				SUPPORTS_MACCATALYST = NO;
				SUPPORTS_MAC_DESIGNED_FOR_IPHONE_IPAD = NO;
				SWIFT_EMIT_LOC_STRINGS = YES;
				SWIFT_VERSION = 5.0;
				TARGETED_DEVICE_FAMILY = 1;
			};
			name = Release;
		};
/* End XCBuildConfiguration section */

/* Begin XCConfigurationList section */
		DE2681AB293BDA6D00F1B5FC /* Build configuration list for PBXProject "GadgetShop" */ = {
			isa = XCConfigurationList;
			buildConfigurations = (
				DE2681C2293BDA7000F1B5FC /* Debug */,
				DE2681C3293BDA7000F1B5FC /* Release */,
			);
			defaultConfigurationIsVisible = 0;
			defaultConfigurationName = Release;
		};
		DE2681C4293BDA7000F1B5FC /* Build configuration list for PBXNativeTarget "GadgetShop" */ = {
			isa = XCConfigurationList;
			buildConfigurations = (
				DE2681C5293BDA7000F1B5FC /* Debug */,
				DE2681C6293BDA7000F1B5FC /* Release */,
			);
			defaultConfigurationIsVisible = 0;
			defaultConfigurationName = Release;
		};
/* End XCConfigurationList section */
	};
	rootObject = DE2681A8293BDA6D00F1B5FC /* Project object */;
}
