// !$*UTF8*$!
{
	archiveVersion = 1;
	classes = {
	};
	objectVersion = 56;
	objects = {

/* Begin PBXBuildFile section */
		DE0511642944AF9C004B7DB3 /* UIFont+fontName.swift in Sources */ = {isa = PBXBuildFile; fileRef = DE0511632944AF9C004B7DB3 /* UIFont+fontName.swift */; };
		DE0511652944EE02004B7DB3 /* MARKPRO-HEAVY.OTF in Resources */ = {isa = PBXBuildFile; fileRef = DE2681CA293BEB2100F1B5FC /* MARKPRO-HEAVY.OTF */; };
		DE0511662944EE02004B7DB3 /* Mark Pro.ttf in Resources */ = {isa = PBXBuildFile; fileRef = DE2681CE293BEB2D00F1B5FC /* Mark Pro.ttf */; };
		DE0511672944EE02004B7DB3 /* MARKPRO-BLACK.OTF in Resources */ = {isa = PBXBuildFile; fileRef = DE2681CC293BEB2100F1B5FC /* MARKPRO-BLACK.OTF */; };
		DE0511682944EE02004B7DB3 /* MARKPRO-MEDIUM.OTF in Resources */ = {isa = PBXBuildFile; fileRef = DE2681CD293BEB2100F1B5FC /* MARKPRO-MEDIUM.OTF */; };
		DE0511692944EE02004B7DB3 /* MARKPRO-BOLD.OTF in Resources */ = {isa = PBXBuildFile; fileRef = DE2681CB293BEB2100F1B5FC /* MARKPRO-BOLD.OTF */; };
		DE1F0C9D2951ED2D00884A6E /* DetailView.swift in Sources */ = {isa = PBXBuildFile; fileRef = DE1F0C9C2951ED2D00884A6E /* DetailView.swift */; };
		DE1F0C9F2951EEB500884A6E /* DetailSpecSubview.swift in Sources */ = {isa = PBXBuildFile; fileRef = DE1F0C9E2951EEB500884A6E /* DetailSpecSubview.swift */; };
		DE2681B4293BDA6D00F1B5FC /* AppDelegate.swift in Sources */ = {isa = PBXBuildFile; fileRef = DE2681B3293BDA6D00F1B5FC /* AppDelegate.swift */; };
		DE2681B6293BDA6D00F1B5FC /* SceneDelegate.swift in Sources */ = {isa = PBXBuildFile; fileRef = DE2681B5293BDA6D00F1B5FC /* SceneDelegate.swift */; };
		DE2681BD293BDA7000F1B5FC /* Assets.xcassets in Resources */ = {isa = PBXBuildFile; fileRef = DE2681BC293BDA7000F1B5FC /* Assets.xcassets */; };
		DE2681C0293BDA7000F1B5FC /* LaunchScreen.storyboard in Resources */ = {isa = PBXBuildFile; fileRef = DE2681BE293BDA7000F1B5FC /* LaunchScreen.storyboard */; };
		DE335DB529576CCE002B2EAB /* DetailColorCollectionViewCell.swift in Sources */ = {isa = PBXBuildFile; fileRef = DE335DB429576CCE002B2EAB /* DetailColorCollectionViewCell.swift */; };
		DE335DB929577666002B2EAB /* DetailCollectionHeaderView.swift in Sources */ = {isa = PBXBuildFile; fileRef = DE335DB829577666002B2EAB /* DetailCollectionHeaderView.swift */; };
		DE4007A9294D258A00D5D9E0 /* FilterOptions.swift in Sources */ = {isa = PBXBuildFile; fileRef = DE4007A8294D258A00D5D9E0 /* FilterOptions.swift */; };
		DE4090C02940E2EE00C66086 /* CoordinatorProtocol.swift in Sources */ = {isa = PBXBuildFile; fileRef = DE4090BF2940E2EE00C66086 /* CoordinatorProtocol.swift */; };
		DE4090C42940E34200C66086 /* MainFlowCoordinator.swift in Sources */ = {isa = PBXBuildFile; fileRef = DE4090C32940E34200C66086 /* MainFlowCoordinator.swift */; };
		DE4090C82940E8C700C66086 /* MainViewModel.swift in Sources */ = {isa = PBXBuildFile; fileRef = DE4090C72940E8C700C66086 /* MainViewModel.swift */; };
		DE4090CD294110AC00C66086 /* DetailViewModel.swift in Sources */ = {isa = PBXBuildFile; fileRef = DE4090CC294110AC00C66086 /* DetailViewModel.swift */; };
		DE4090CF2941139A00C66086 /* DetailViewController.swift in Sources */ = {isa = PBXBuildFile; fileRef = DE4090CE2941139A00C66086 /* DetailViewController.swift */; };
		DE4565E0294BA25300717351 /* FilterViewController.swift in Sources */ = {isa = PBXBuildFile; fileRef = DE4565DF294BA25300717351 /* FilterViewController.swift */; };
		DE4565E4294BB2A600717351 /* FilterView.swift in Sources */ = {isa = PBXBuildFile; fileRef = DE4565E3294BB2A600717351 /* FilterView.swift */; };
		DE4565E7294BB6DE00717351 /* HeaderView.swift in Sources */ = {isa = PBXBuildFile; fileRef = DE4565E6294BB6DE00717351 /* HeaderView.swift */; };
		DE4565E9294BB81300717351 /* RoundedButton.swift in Sources */ = {isa = PBXBuildFile; fileRef = DE4565E8294BB81300717351 /* RoundedButton.swift */; };
		DE4797AB2956254300178EC8 /* DetailImageCollectionViewCell.swift in Sources */ = {isa = PBXBuildFile; fileRef = DE4797AA2956254200178EC8 /* DetailImageCollectionViewCell.swift */; };
		DE4A4D6E29467A1C005FD701 /* MainCollectionViewController.swift in Sources */ = {isa = PBXBuildFile; fileRef = DE4A4D6D29467A1C005FD701 /* MainCollectionViewController.swift */; };
		DE4A4D7029468052005FD701 /* MainSearchCollectionViewCell.swift in Sources */ = {isa = PBXBuildFile; fileRef = DE4A4D6F29468052005FD701 /* MainSearchCollectionViewCell.swift */; };
		DE4A4D7229468188005FD701 /* MainHeaderCollectionViewCell.swift in Sources */ = {isa = PBXBuildFile; fileRef = DE4A4D7129468188005FD701 /* MainHeaderCollectionViewCell.swift */; };
		DE599C3329749BBD00BA42EA /* MaterialSegmentedControl.swift in Sources */ = {isa = PBXBuildFile; fileRef = DE599C3229749BBD00BA42EA /* MaterialSegmentedControl.swift */; };
		DE79C9CB29741CD800493FF6 /* CartFlowFactory.swift in Sources */ = {isa = PBXBuildFile; fileRef = DE79C9CA29741CD800493FF6 /* CartFlowFactory.swift */; };
		DE79C9CD2974210400493FF6 /* CartFlowCoordinator.swift in Sources */ = {isa = PBXBuildFile; fileRef = DE79C9CC2974210400493FF6 /* CartFlowCoordinator.swift */; };
		DE79C9CF29742BB200493FF6 /* FavorietsFlowCoorditanor.swift in Sources */ = {isa = PBXBuildFile; fileRef = DE79C9CE29742BB200493FF6 /* FavorietsFlowCoorditanor.swift */; };
		DE79C9D129742C8B00493FF6 /* FavorietsFlowFactory.swift in Sources */ = {isa = PBXBuildFile; fileRef = DE79C9D029742C8B00493FF6 /* FavorietsFlowFactory.swift */; };
		DE79C9D429742E8C00493FF6 /* ProfileFlowCoordinator.swift in Sources */ = {isa = PBXBuildFile; fileRef = DE79C9D329742E8C00493FF6 /* ProfileFlowCoordinator.swift */; };
		DE79C9D629742F1700493FF6 /* ProfileFlowFactory.swift in Sources */ = {isa = PBXBuildFile; fileRef = DE79C9D529742F1700493FF6 /* ProfileFlowFactory.swift */; };
		DE7B353B294B624600DA61D8 /* FiltreViewModel.swift in Sources */ = {isa = PBXBuildFile; fileRef = DE7B353A294B624600DA61D8 /* FiltreViewModel.swift */; };
		DE7B353F294B62E100DA61D8 /* FilterTableViewCell.swift in Sources */ = {isa = PBXBuildFile; fileRef = DE7B353E294B62E100DA61D8 /* FilterTableViewCell.swift */; };
		DE7B3541294B757500DA61D8 /* UITableViewCell+Identefier.swift in Sources */ = {isa = PBXBuildFile; fileRef = DE7B3540294B757500DA61D8 /* UITableViewCell+Identefier.swift */; };
		DE7B3543294B758C00DA61D8 /* UITableView+CellManagment.swift in Sources */ = {isa = PBXBuildFile; fileRef = DE7B3542294B758C00DA61D8 /* UITableView+CellManagment.swift */; };
		DE8B1382294A05900004CDBB /* MainCollectionViewHeader.swift in Sources */ = {isa = PBXBuildFile; fileRef = DE8B1381294A05900004CDBB /* MainCollectionViewHeader.swift */; };
		DE9443352943463F0095338F /* UICollectionView+cellManagment.swift in Sources */ = {isa = PBXBuildFile; fileRef = DE9443342943463F0095338F /* UICollectionView+cellManagment.swift */; };
		DE944337294346900095338F /* UICollectioViewCell+Identefier.swift in Sources */ = {isa = PBXBuildFile; fileRef = DE944336294346900095338F /* UICollectioViewCell+Identefier.swift */; };
		DE97F0532970823900693DBE /* RoundedTapBarController.swift in Sources */ = {isa = PBXBuildFile; fileRef = DE97F0522970823900693DBE /* RoundedTapBarController.swift */; };
		DE9C295E2976F2000062D1EC /* CustomAssets.swift in Sources */ = {isa = PBXBuildFile; fileRef = DE9C295D2976F2000062D1EC /* CustomAssets.swift */; };
		DE9DECC3296F045F00C6338A /* DetailCapasityCollectionViewCell.swift in Sources */ = {isa = PBXBuildFile; fileRef = DE9DECC2296F045F00C6338A /* DetailCapasityCollectionViewCell.swift */; };
		DEB2C955297EF5EB00BC3E13 /* CartViewModel.swift in Sources */ = {isa = PBXBuildFile; fileRef = DEB2C954297EF5EB00BC3E13 /* CartViewModel.swift */; };
		DEB2C957297EFD5C00BC3E13 /* CartViewController.swift in Sources */ = {isa = PBXBuildFile; fileRef = DEB2C956297EFD5C00BC3E13 /* CartViewController.swift */; };
		DEB2C959297F00BF00BC3E13 /* CartView.swift in Sources */ = {isa = PBXBuildFile; fileRef = DEB2C958297F00BF00BC3E13 /* CartView.swift */; };
		DEB2C95B297F012600BC3E13 /* CartTableViewCell.swift in Sources */ = {isa = PBXBuildFile; fileRef = DEB2C95A297F012600BC3E13 /* CartTableViewCell.swift */; };
		DEB2C95F297F04D800BC3E13 /* VerticalStepper.swift in Sources */ = {isa = PBXBuildFile; fileRef = DEB2C95E297F04D800BC3E13 /* VerticalStepper.swift */; };
		DEC854B3293C944900A8660E /* NetworkService.swift in Sources */ = {isa = PBXBuildFile; fileRef = DEC854B2293C944900A8660E /* NetworkService.swift */; };
		DEC854B9293CFC4700A8660E /* ProductProtocol.swift in Sources */ = {isa = PBXBuildFile; fileRef = DEC854B8293CFC4700A8660E /* ProductProtocol.swift */; };
		DEC854BB293CFC8100A8660E /* CartProduct.swift in Sources */ = {isa = PBXBuildFile; fileRef = DEC854BA293CFC8100A8660E /* CartProduct.swift */; };
		DEC854BD293CFCA000A8660E /* HomeStoreProduct.swift in Sources */ = {isa = PBXBuildFile; fileRef = DEC854BC293CFCA000A8660E /* HomeStoreProduct.swift */; };
		DEC854BF293CFCBE00A8660E /* BestSellerProduct.swift in Sources */ = {isa = PBXBuildFile; fileRef = DEC854BE293CFCBE00A8660E /* BestSellerProduct.swift */; };
		DEC854C1293CFCCF00A8660E /* DetailProduct.swift in Sources */ = {isa = PBXBuildFile; fileRef = DEC854C0293CFCCF00A8660E /* DetailProduct.swift */; };
		DEC854C4293CFCFF00A8660E /* Cart.swift in Sources */ = {isa = PBXBuildFile; fileRef = DEC854C3293CFCFF00A8660E /* Cart.swift */; };
		DEC854C6293CFD1400A8660E /* ProductList.swift in Sources */ = {isa = PBXBuildFile; fileRef = DEC854C5293CFD1400A8660E /* ProductList.swift */; };
		DECB242929423BE9000A389D /* UIColor+Hex.swift in Sources */ = {isa = PBXBuildFile; fileRef = DECB242829423BE9000A389D /* UIColor+Hex.swift */; };
		DECFA4F02954D30100380B20 /* DetailSpecsCollectionViewCell.swift in Sources */ = {isa = PBXBuildFile; fileRef = DECFA4EF2954D30100380B20 /* DetailSpecsCollectionViewCell.swift */; };
		DED556AD2947B81A00C940BD /* MainCompositionalLayout.swift in Sources */ = {isa = PBXBuildFile; fileRef = DED556AC2947B81A00C940BD /* MainCompositionalLayout.swift */; };
		DEF19E15293C9A7D0080EA00 /* AppCoordinator.swift in Sources */ = {isa = PBXBuildFile; fileRef = DEF19E14293C9A7D0080EA00 /* AppCoordinator.swift */; };
		DEF19E17293C9A8A0080EA00 /* MainFlowFactory.swift in Sources */ = {isa = PBXBuildFile; fileRef = DEF19E16293C9A890080EA00 /* MainFlowFactory.swift */; };
		DEF19E25293E49560080EA00 /* MainBestSellerCollectionViewCell.swift in Sources */ = {isa = PBXBuildFile; fileRef = DEF19E24293E49560080EA00 /* MainBestSellerCollectionViewCell.swift */; };
		DEF19E27293E4A3E0080EA00 /* MainHomeStoreCollectionViewCell.swift in Sources */ = {isa = PBXBuildFile; fileRef = DEF19E26293E4A3E0080EA00 /* MainHomeStoreCollectionViewCell.swift */; };
		DEF19E29293E4AFD0080EA00 /* MainCategoryCollectionViewCell.swift in Sources */ = {isa = PBXBuildFile; fileRef = DEF19E28293E4AFD0080EA00 /* MainCategoryCollectionViewCell.swift */; };
/* End PBXBuildFile section */

/* Begin PBXFileReference section */
		DE0511632944AF9C004B7DB3 /* UIFont+fontName.swift */ = {isa = PBXFileReference; lastKnownFileType = sourcecode.swift; path = "UIFont+fontName.swift"; sourceTree = "<group>"; };
		DE1F0C9C2951ED2D00884A6E /* DetailView.swift */ = {isa = PBXFileReference; lastKnownFileType = sourcecode.swift; path = DetailView.swift; sourceTree = "<group>"; };
		DE1F0C9E2951EEB500884A6E /* DetailSpecSubview.swift */ = {isa = PBXFileReference; lastKnownFileType = sourcecode.swift; path = DetailSpecSubview.swift; sourceTree = "<group>"; };
		DE2681B0293BDA6D00F1B5FC /* GadgetShop.app */ = {isa = PBXFileReference; explicitFileType = wrapper.application; includeInIndex = 0; path = GadgetShop.app; sourceTree = BUILT_PRODUCTS_DIR; };
		DE2681B3293BDA6D00F1B5FC /* AppDelegate.swift */ = {isa = PBXFileReference; lastKnownFileType = sourcecode.swift; path = AppDelegate.swift; sourceTree = "<group>"; };
		DE2681B5293BDA6D00F1B5FC /* SceneDelegate.swift */ = {isa = PBXFileReference; lastKnownFileType = sourcecode.swift; path = SceneDelegate.swift; sourceTree = "<group>"; };
		DE2681BC293BDA7000F1B5FC /* Assets.xcassets */ = {isa = PBXFileReference; lastKnownFileType = folder.assetcatalog; path = Assets.xcassets; sourceTree = "<group>"; };
		DE2681BF293BDA7000F1B5FC /* Base */ = {isa = PBXFileReference; lastKnownFileType = file.storyboard; name = Base; path = Base.lproj/LaunchScreen.storyboard; sourceTree = "<group>"; };
		DE2681C1293BDA7000F1B5FC /* Info.plist */ = {isa = PBXFileReference; lastKnownFileType = text.plist.xml; path = Info.plist; sourceTree = "<group>"; };
		DE2681CA293BEB2100F1B5FC /* MARKPRO-HEAVY.OTF */ = {isa = PBXFileReference; lastKnownFileType = file; path = "MARKPRO-HEAVY.OTF"; sourceTree = "<group>"; };
		DE2681CB293BEB2100F1B5FC /* MARKPRO-BOLD.OTF */ = {isa = PBXFileReference; lastKnownFileType = file; path = "MARKPRO-BOLD.OTF"; sourceTree = "<group>"; };
		DE2681CC293BEB2100F1B5FC /* MARKPRO-BLACK.OTF */ = {isa = PBXFileReference; lastKnownFileType = file; path = "MARKPRO-BLACK.OTF"; sourceTree = "<group>"; };
		DE2681CD293BEB2100F1B5FC /* MARKPRO-MEDIUM.OTF */ = {isa = PBXFileReference; lastKnownFileType = file; path = "MARKPRO-MEDIUM.OTF"; sourceTree = "<group>"; };
		DE2681CE293BEB2D00F1B5FC /* Mark Pro.ttf */ = {isa = PBXFileReference; lastKnownFileType = file; path = "Mark Pro.ttf"; sourceTree = "<group>"; };
		DE335DB429576CCE002B2EAB /* DetailColorCollectionViewCell.swift */ = {isa = PBXFileReference; lastKnownFileType = sourcecode.swift; path = DetailColorCollectionViewCell.swift; sourceTree = "<group>"; };
		DE335DB829577666002B2EAB /* DetailCollectionHeaderView.swift */ = {isa = PBXFileReference; lastKnownFileType = sourcecode.swift; path = DetailCollectionHeaderView.swift; sourceTree = "<group>"; };
		DE4007A8294D258A00D5D9E0 /* FilterOptions.swift */ = {isa = PBXFileReference; lastKnownFileType = sourcecode.swift; path = FilterOptions.swift; sourceTree = "<group>"; };
		DE4090BF2940E2EE00C66086 /* CoordinatorProtocol.swift */ = {isa = PBXFileReference; lastKnownFileType = sourcecode.swift; path = CoordinatorProtocol.swift; sourceTree = "<group>"; };
		DE4090C32940E34200C66086 /* MainFlowCoordinator.swift */ = {isa = PBXFileReference; lastKnownFileType = sourcecode.swift; path = MainFlowCoordinator.swift; sourceTree = "<group>"; };
		DE4090C72940E8C700C66086 /* MainViewModel.swift */ = {isa = PBXFileReference; lastKnownFileType = sourcecode.swift; path = MainViewModel.swift; sourceTree = "<group>"; };
		DE4090CC294110AC00C66086 /* DetailViewModel.swift */ = {isa = PBXFileReference; lastKnownFileType = sourcecode.swift; path = DetailViewModel.swift; sourceTree = "<group>"; };
		DE4090CE2941139A00C66086 /* DetailViewController.swift */ = {isa = PBXFileReference; lastKnownFileType = sourcecode.swift; path = DetailViewController.swift; sourceTree = "<group>"; };
		DE4565DF294BA25300717351 /* FilterViewController.swift */ = {isa = PBXFileReference; lastKnownFileType = sourcecode.swift; path = FilterViewController.swift; sourceTree = "<group>"; };
		DE4565E3294BB2A600717351 /* FilterView.swift */ = {isa = PBXFileReference; lastKnownFileType = sourcecode.swift; path = FilterView.swift; sourceTree = "<group>"; };
		DE4565E6294BB6DE00717351 /* HeaderView.swift */ = {isa = PBXFileReference; lastKnownFileType = sourcecode.swift; path = HeaderView.swift; sourceTree = "<group>"; };
		DE4565E8294BB81300717351 /* RoundedButton.swift */ = {isa = PBXFileReference; lastKnownFileType = sourcecode.swift; path = RoundedButton.swift; sourceTree = "<group>"; };
		DE4797AA2956254200178EC8 /* DetailImageCollectionViewCell.swift */ = {isa = PBXFileReference; lastKnownFileType = sourcecode.swift; path = DetailImageCollectionViewCell.swift; sourceTree = "<group>"; };
		DE4A4D6D29467A1C005FD701 /* MainCollectionViewController.swift */ = {isa = PBXFileReference; lastKnownFileType = sourcecode.swift; path = MainCollectionViewController.swift; sourceTree = "<group>"; };
		DE4A4D6F29468052005FD701 /* MainSearchCollectionViewCell.swift */ = {isa = PBXFileReference; lastKnownFileType = sourcecode.swift; path = MainSearchCollectionViewCell.swift; sourceTree = "<group>"; };
		DE4A4D7129468188005FD701 /* MainHeaderCollectionViewCell.swift */ = {isa = PBXFileReference; lastKnownFileType = sourcecode.swift; path = MainHeaderCollectionViewCell.swift; sourceTree = "<group>"; };
		DE599C3229749BBD00BA42EA /* MaterialSegmentedControl.swift */ = {isa = PBXFileReference; lastKnownFileType = sourcecode.swift; path = MaterialSegmentedControl.swift; sourceTree = "<group>"; };
		DE79C9CA29741CD800493FF6 /* CartFlowFactory.swift */ = {isa = PBXFileReference; lastKnownFileType = sourcecode.swift; path = CartFlowFactory.swift; sourceTree = "<group>"; };
		DE79C9CC2974210400493FF6 /* CartFlowCoordinator.swift */ = {isa = PBXFileReference; lastKnownFileType = sourcecode.swift; path = CartFlowCoordinator.swift; sourceTree = "<group>"; };
		DE79C9CE29742BB200493FF6 /* FavorietsFlowCoorditanor.swift */ = {isa = PBXFileReference; lastKnownFileType = sourcecode.swift; path = FavorietsFlowCoorditanor.swift; sourceTree = "<group>"; };
		DE79C9D029742C8B00493FF6 /* FavorietsFlowFactory.swift */ = {isa = PBXFileReference; lastKnownFileType = sourcecode.swift; path = FavorietsFlowFactory.swift; sourceTree = "<group>"; };
		DE79C9D329742E8C00493FF6 /* ProfileFlowCoordinator.swift */ = {isa = PBXFileReference; lastKnownFileType = sourcecode.swift; path = ProfileFlowCoordinator.swift; sourceTree = "<group>"; };
		DE79C9D529742F1700493FF6 /* ProfileFlowFactory.swift */ = {isa = PBXFileReference; lastKnownFileType = sourcecode.swift; path = ProfileFlowFactory.swift; sourceTree = "<group>"; };
		DE7B353A294B624600DA61D8 /* FiltreViewModel.swift */ = {isa = PBXFileReference; lastKnownFileType = sourcecode.swift; path = FiltreViewModel.swift; sourceTree = "<group>"; };
		DE7B353E294B62E100DA61D8 /* FilterTableViewCell.swift */ = {isa = PBXFileReference; lastKnownFileType = sourcecode.swift; path = FilterTableViewCell.swift; sourceTree = "<group>"; };
		DE7B3540294B757500DA61D8 /* UITableViewCell+Identefier.swift */ = {isa = PBXFileReference; lastKnownFileType = sourcecode.swift; path = "UITableViewCell+Identefier.swift"; sourceTree = "<group>"; };
		DE7B3542294B758C00DA61D8 /* UITableView+CellManagment.swift */ = {isa = PBXFileReference; lastKnownFileType = sourcecode.swift; path = "UITableView+CellManagment.swift"; sourceTree = "<group>"; };
		DE8B1381294A05900004CDBB /* MainCollectionViewHeader.swift */ = {isa = PBXFileReference; lastKnownFileType = sourcecode.swift; path = MainCollectionViewHeader.swift; sourceTree = "<group>"; };
		DE9443342943463F0095338F /* UICollectionView+cellManagment.swift */ = {isa = PBXFileReference; lastKnownFileType = sourcecode.swift; path = "UICollectionView+cellManagment.swift"; sourceTree = "<group>"; };
		DE944336294346900095338F /* UICollectioViewCell+Identefier.swift */ = {isa = PBXFileReference; lastKnownFileType = sourcecode.swift; path = "UICollectioViewCell+Identefier.swift"; sourceTree = "<group>"; };
		DE97F0522970823900693DBE /* RoundedTapBarController.swift */ = {isa = PBXFileReference; lastKnownFileType = sourcecode.swift; path = RoundedTapBarController.swift; sourceTree = "<group>"; };
		DE9C295D2976F2000062D1EC /* CustomAssets.swift */ = {isa = PBXFileReference; lastKnownFileType = sourcecode.swift; path = CustomAssets.swift; sourceTree = "<group>"; };
		DE9DECC2296F045F00C6338A /* DetailCapasityCollectionViewCell.swift */ = {isa = PBXFileReference; lastKnownFileType = sourcecode.swift; path = DetailCapasityCollectionViewCell.swift; sourceTree = "<group>"; };
		DEB2C954297EF5EB00BC3E13 /* CartViewModel.swift */ = {isa = PBXFileReference; lastKnownFileType = sourcecode.swift; path = CartViewModel.swift; sourceTree = "<group>"; };
		DEB2C956297EFD5C00BC3E13 /* CartViewController.swift */ = {isa = PBXFileReference; lastKnownFileType = sourcecode.swift; path = CartViewController.swift; sourceTree = "<group>"; };
		DEB2C958297F00BF00BC3E13 /* CartView.swift */ = {isa = PBXFileReference; lastKnownFileType = sourcecode.swift; path = CartView.swift; sourceTree = "<group>"; };
		DEB2C95A297F012600BC3E13 /* CartTableViewCell.swift */ = {isa = PBXFileReference; lastKnownFileType = sourcecode.swift; path = CartTableViewCell.swift; sourceTree = "<group>"; };
		DEB2C95E297F04D800BC3E13 /* VerticalStepper.swift */ = {isa = PBXFileReference; lastKnownFileType = sourcecode.swift; path = VerticalStepper.swift; sourceTree = "<group>"; };
		DEC854B2293C944900A8660E /* NetworkService.swift */ = {isa = PBXFileReference; lastKnownFileType = sourcecode.swift; path = NetworkService.swift; sourceTree = "<group>"; };
		DEC854B8293CFC4700A8660E /* ProductProtocol.swift */ = {isa = PBXFileReference; lastKnownFileType = sourcecode.swift; path = ProductProtocol.swift; sourceTree = "<group>"; };
		DEC854BA293CFC8100A8660E /* CartProduct.swift */ = {isa = PBXFileReference; lastKnownFileType = sourcecode.swift; path = CartProduct.swift; sourceTree = "<group>"; };
		DEC854BC293CFCA000A8660E /* HomeStoreProduct.swift */ = {isa = PBXFileReference; lastKnownFileType = sourcecode.swift; path = HomeStoreProduct.swift; sourceTree = "<group>"; };
		DEC854BE293CFCBE00A8660E /* BestSellerProduct.swift */ = {isa = PBXFileReference; lastKnownFileType = sourcecode.swift; path = BestSellerProduct.swift; sourceTree = "<group>"; };
		DEC854C0293CFCCF00A8660E /* DetailProduct.swift */ = {isa = PBXFileReference; lastKnownFileType = sourcecode.swift; path = DetailProduct.swift; sourceTree = "<group>"; };
		DEC854C3293CFCFF00A8660E /* Cart.swift */ = {isa = PBXFileReference; lastKnownFileType = sourcecode.swift; path = Cart.swift; sourceTree = "<group>"; };
		DEC854C5293CFD1400A8660E /* ProductList.swift */ = {isa = PBXFileReference; lastKnownFileType = sourcecode.swift; path = ProductList.swift; sourceTree = "<group>"; };
		DECB242829423BE9000A389D /* UIColor+Hex.swift */ = {isa = PBXFileReference; lastKnownFileType = sourcecode.swift; path = "UIColor+Hex.swift"; sourceTree = "<group>"; };
		DECFA4EF2954D30100380B20 /* DetailSpecsCollectionViewCell.swift */ = {isa = PBXFileReference; lastKnownFileType = sourcecode.swift; path = DetailSpecsCollectionViewCell.swift; sourceTree = "<group>"; };
		DED556AC2947B81A00C940BD /* MainCompositionalLayout.swift */ = {isa = PBXFileReference; lastKnownFileType = sourcecode.swift; path = MainCompositionalLayout.swift; sourceTree = "<group>"; };
		DEF19E14293C9A7D0080EA00 /* AppCoordinator.swift */ = {isa = PBXFileReference; fileEncoding = 4; lastKnownFileType = sourcecode.swift; path = AppCoordinator.swift; sourceTree = "<group>"; };
		DEF19E16293C9A890080EA00 /* MainFlowFactory.swift */ = {isa = PBXFileReference; fileEncoding = 4; lastKnownFileType = sourcecode.swift; path = MainFlowFactory.swift; sourceTree = "<group>"; };
		DEF19E24293E49560080EA00 /* MainBestSellerCollectionViewCell.swift */ = {isa = PBXFileReference; lastKnownFileType = sourcecode.swift; path = MainBestSellerCollectionViewCell.swift; sourceTree = "<group>"; };
		DEF19E26293E4A3E0080EA00 /* MainHomeStoreCollectionViewCell.swift */ = {isa = PBXFileReference; lastKnownFileType = sourcecode.swift; path = MainHomeStoreCollectionViewCell.swift; sourceTree = "<group>"; };
		DEF19E28293E4AFD0080EA00 /* MainCategoryCollectionViewCell.swift */ = {isa = PBXFileReference; lastKnownFileType = sourcecode.swift; path = MainCategoryCollectionViewCell.swift; sourceTree = "<group>"; };
/* End PBXFileReference section */

/* Begin PBXFrameworksBuildPhase section */
		DE2681AD293BDA6D00F1B5FC /* Frameworks */ = {
			isa = PBXFrameworksBuildPhase;
			buildActionMask = 2147483647;
			files = (
			);
			runOnlyForDeploymentPostprocessing = 0;
		};
/* End PBXFrameworksBuildPhase section */

/* Begin PBXGroup section */
		DE2681A7293BDA6D00F1B5FC = {
			isa = PBXGroup;
			children = (
				DE2681B2293BDA6D00F1B5FC /* GadgetShop */,
				DE2681B1293BDA6D00F1B5FC /* Products */,
			);
			sourceTree = "<group>";
		};
		DE2681B1293BDA6D00F1B5FC /* Products */ = {
			isa = PBXGroup;
			children = (
				DE2681B0293BDA6D00F1B5FC /* GadgetShop.app */,
			);
			name = Products;
			sourceTree = "<group>";
		};
		DE2681B2293BDA6D00F1B5FC /* GadgetShop */ = {
			isa = PBXGroup;
			children = (
				DE2681B3293BDA6D00F1B5FC /* AppDelegate.swift */,
				DE2681B5293BDA6D00F1B5FC /* SceneDelegate.swift */,
				DEC854B1293C943300A8660E /* Services */,
				DE2681D9293BF9C600F1B5FC /* Model */,
				DECB242729423BC5000A389D /* Extensions */,
				DE4090C62940E3FF00C66086 /* Coordinators */,
				DE79C9D229742E3900493FF6 /* Factories */,
				DE4565E5294BB6AB00717351 /* Controls */,
				DE4090CA2941107900C66086 /* Scenes */,
				DE2681BE293BDA7000F1B5FC /* LaunchScreen.storyboard */,
				DE2681C7293BE66400F1B5FC /* Resources */,
				DE2681C1293BDA7000F1B5FC /* Info.plist */,
			);
			path = GadgetShop;
			sourceTree = "<group>";
		};
		DE2681C7293BE66400F1B5FC /* Resources */ = {
			isa = PBXGroup;
			children = (
				DE2681C8293BE68100F1B5FC /* Fonts */,
				DE2681BC293BDA7000F1B5FC /* Assets.xcassets */,
			);
			path = Resources;
			sourceTree = "<group>";
		};
		DE2681C8293BE68100F1B5FC /* Fonts */ = {
			isa = PBXGroup;
			children = (
				DE2681CC293BEB2100F1B5FC /* MARKPRO-BLACK.OTF */,
				DE2681CB293BEB2100F1B5FC /* MARKPRO-BOLD.OTF */,
				DE2681CA293BEB2100F1B5FC /* MARKPRO-HEAVY.OTF */,
				DE2681CD293BEB2100F1B5FC /* MARKPRO-MEDIUM.OTF */,
				DE2681CE293BEB2D00F1B5FC /* Mark Pro.ttf */,
			);
			path = Fonts;
			sourceTree = "<group>";
		};
		DE2681D9293BF9C600F1B5FC /* Model */ = {
			isa = PBXGroup;
			children = (
				DEC854C2293CFCE900A8660E /* Product */,
				DEC854C3293CFCFF00A8660E /* Cart.swift */,
				DEC854C5293CFD1400A8660E /* ProductList.swift */,
				DE4007A8294D258A00D5D9E0 /* FilterOptions.swift */,
			);
			path = Model;
			sourceTree = "<group>";
		};
		DE4090C62940E3FF00C66086 /* Coordinators */ = {
			isa = PBXGroup;
			children = (
				DE4090BF2940E2EE00C66086 /* CoordinatorProtocol.swift */,
				DEF19E14293C9A7D0080EA00 /* AppCoordinator.swift */,
				DE4090C32940E34200C66086 /* MainFlowCoordinator.swift */,
				DE79C9CC2974210400493FF6 /* CartFlowCoordinator.swift */,
				DE79C9CE29742BB200493FF6 /* FavorietsFlowCoorditanor.swift */,
				DE79C9D329742E8C00493FF6 /* ProfileFlowCoordinator.swift */,
			);
			path = Coordinators;
			sourceTree = "<group>";
		};
		DE4090CA2941107900C66086 /* Scenes */ = {
			isa = PBXGroup;
			children = (
				DEB2C953297EF5D900BC3E13 /* Cart */,
				DEF19E20293E3F810080EA00 /* Main */,
				DE7B3537294B621F00DA61D8 /* Filter */,
				DE4090CB2941108B00C66086 /* Detail */,
			);
			path = Scenes;
			sourceTree = "<group>";
		};
		DE4090CB2941108B00C66086 /* Detail */ = {
			isa = PBXGroup;
			children = (
				DE4090CC294110AC00C66086 /* DetailViewModel.swift */,
				DE4090CE2941139A00C66086 /* DetailViewController.swift */,
				DE1F0C9C2951ED2D00884A6E /* DetailView.swift */,
				DE1F0C9E2951EEB500884A6E /* DetailSpecSubview.swift */,
				DE335DB829577666002B2EAB /* DetailCollectionHeaderView.swift */,
				DECFA4EE2954D2D500380B20 /* Cells */,
			);
			path = Detail;
			sourceTree = "<group>";
		};
		DE4565E5294BB6AB00717351 /* Controls */ = {
			isa = PBXGroup;
			children = (
				DE4565E8294BB81300717351 /* RoundedButton.swift */,
				DE4565E6294BB6DE00717351 /* HeaderView.swift */,
				DE97F0522970823900693DBE /* RoundedTapBarController.swift */,
				DE599C3229749BBD00BA42EA /* MaterialSegmentedControl.swift */,
				DEB2C95E297F04D800BC3E13 /* VerticalStepper.swift */,
			);
			path = Controls;
			sourceTree = "<group>";
		};
		DE79C9D229742E3900493FF6 /* Factories */ = {
			isa = PBXGroup;
			children = (
				DEF19E16293C9A890080EA00 /* MainFlowFactory.swift */,
				DE79C9CA29741CD800493FF6 /* CartFlowFactory.swift */,
				DE79C9D029742C8B00493FF6 /* FavorietsFlowFactory.swift */,
				DE79C9D529742F1700493FF6 /* ProfileFlowFactory.swift */,
			);
			path = Factories;
			sourceTree = "<group>";
		};
		DE7B3537294B621F00DA61D8 /* Filter */ = {
			isa = PBXGroup;
			children = (
				DE7B353A294B624600DA61D8 /* FiltreViewModel.swift */,
				DE4565DF294BA25300717351 /* FilterViewController.swift */,
				DE4565E3294BB2A600717351 /* FilterView.swift */,
				DE7B353E294B62E100DA61D8 /* FilterTableViewCell.swift */,
			);
			path = Filter;
			sourceTree = "<group>";
		};
		DEB2C953297EF5D900BC3E13 /* Cart */ = {
			isa = PBXGroup;
			children = (
				DEB2C954297EF5EB00BC3E13 /* CartViewModel.swift */,
				DEB2C956297EFD5C00BC3E13 /* CartViewController.swift */,
				DEB2C958297F00BF00BC3E13 /* CartView.swift */,
				DEB2C95A297F012600BC3E13 /* CartTableViewCell.swift */,
			);
			path = Cart;
			sourceTree = "<group>";
		};
		DEC854B1293C943300A8660E /* Services */ = {
			isa = PBXGroup;
			children = (
				DEC854B2293C944900A8660E /* NetworkService.swift */,
			);
			path = Services;
			sourceTree = "<group>";
		};
		DEC854C2293CFCE900A8660E /* Product */ = {
			isa = PBXGroup;
			children = (
				DEC854B8293CFC4700A8660E /* ProductProtocol.swift */,
				DEC854BA293CFC8100A8660E /* CartProduct.swift */,
				DEC854BC293CFCA000A8660E /* HomeStoreProduct.swift */,
				DEC854BE293CFCBE00A8660E /* BestSellerProduct.swift */,
				DEC854C0293CFCCF00A8660E /* DetailProduct.swift */,
			);
			path = Product;
			sourceTree = "<group>";
		};
		DECB242729423BC5000A389D /* Extensions */ = {
			isa = PBXGroup;
			children = (
				DECB242829423BE9000A389D /* UIColor+Hex.swift */,
				DE944336294346900095338F /* UICollectioViewCell+Identefier.swift */,
				DE9443342943463F0095338F /* UICollectionView+cellManagment.swift */,
				DE7B3542294B758C00DA61D8 /* UITableView+CellManagment.swift */,
				DE7B3540294B757500DA61D8 /* UITableViewCell+Identefier.swift */,
				DE0511632944AF9C004B7DB3 /* UIFont+fontName.swift */,
				DE9C295D2976F2000062D1EC /* CustomAssets.swift */,
			);
			path = Extensions;
			sourceTree = "<group>";
		};
		DECFA4EE2954D2D500380B20 /* Cells */ = {
			isa = PBXGroup;
			children = (
				DE4797AA2956254200178EC8 /* DetailImageCollectionViewCell.swift */,
				DECFA4EF2954D30100380B20 /* DetailSpecsCollectionViewCell.swift */,
				DE335DB429576CCE002B2EAB /* DetailColorCollectionViewCell.swift */,
				DE9DECC2296F045F00C6338A /* DetailCapasityCollectionViewCell.swift */,
			);
			path = Cells;
			sourceTree = "<group>";
		};
		DEF19E20293E3F810080EA00 /* Main */ = {
			isa = PBXGroup;
			children = (
				DE4090C72940E8C700C66086 /* MainViewModel.swift */,
				DE4A4D6D29467A1C005FD701 /* MainCollectionViewController.swift */,
				DED556AC2947B81A00C940BD /* MainCompositionalLayout.swift */,
				DE8B1381294A05900004CDBB /* MainCollectionViewHeader.swift */,
				DEF19E2B293E4D590080EA00 /* Cells */,
			);
			path = Main;
			sourceTree = "<group>";
		};
		DEF19E2B293E4D590080EA00 /* Cells */ = {
			isa = PBXGroup;
			children = (
				DE4A4D7129468188005FD701 /* MainHeaderCollectionViewCell.swift */,
				DEF19E28293E4AFD0080EA00 /* MainCategoryCollectionViewCell.swift */,
				DE4A4D6F29468052005FD701 /* MainSearchCollectionViewCell.swift */,
				DEF19E26293E4A3E0080EA00 /* MainHomeStoreCollectionViewCell.swift */,
				DEF19E24293E49560080EA00 /* MainBestSellerCollectionViewCell.swift */,
			);
			path = Cells;
			sourceTree = "<group>";
		};
/* End PBXGroup section */

/* Begin PBXNativeTarget section */
		DE2681AF293BDA6D00F1B5FC /* GadgetShop */ = {
			isa = PBXNativeTarget;
			buildConfigurationList = DE2681C4293BDA7000F1B5FC /* Build configuration list for PBXNativeTarget "GadgetShop" */;
			buildPhases = (
				DE2681AC293BDA6D00F1B5FC /* Sources */,
				DE2681AD293BDA6D00F1B5FC /* Frameworks */,
				DE2681AE293BDA6D00F1B5FC /* Resources */,
			);
			buildRules = (
			);
			dependencies = (
			);
			name = GadgetShop;
			productName = GadgetShop;
			productReference = DE2681B0293BDA6D00F1B5FC /* GadgetShop.app */;
			productType = "com.apple.product-type.application";
		};
/* End PBXNativeTarget section */

/* Begin PBXProject section */
		DE2681A8293BDA6D00F1B5FC /* Project object */ = {
			isa = PBXProject;
			attributes = {
				BuildIndependentTargetsInParallel = 1;
				LastSwiftUpdateCheck = 1410;
				LastUpgradeCheck = 1410;
				TargetAttributes = {
					DE2681AF293BDA6D00F1B5FC = {
						CreatedOnToolsVersion = 14.1;
					};
				};
			};
			buildConfigurationList = DE2681AB293BDA6D00F1B5FC /* Build configuration list for PBXProject "GadgetShop" */;
			compatibilityVersion = "Xcode 14.0";
			developmentRegion = en;
			hasScannedForEncodings = 0;
			knownRegions = (
				en,
				Base,
			);
			mainGroup = DE2681A7293BDA6D00F1B5FC;
			productRefGroup = DE2681B1293BDA6D00F1B5FC /* Products */;
			projectDirPath = "";
			projectRoot = "";
			targets = (
				DE2681AF293BDA6D00F1B5FC /* GadgetShop */,
			);
		};
/* End PBXProject section */

/* Begin PBXResourcesBuildPhase section */
		DE2681AE293BDA6D00F1B5FC /* Resources */ = {
			isa = PBXResourcesBuildPhase;
			buildActionMask = 2147483647;
			files = (
				DE0511662944EE02004B7DB3 /* Mark Pro.ttf in Resources */,
				DE0511672944EE02004B7DB3 /* MARKPRO-BLACK.OTF in Resources */,
				DE2681C0293BDA7000F1B5FC /* LaunchScreen.storyboard in Resources */,
				DE2681BD293BDA7000F1B5FC /* Assets.xcassets in Resources */,
				DE0511652944EE02004B7DB3 /* MARKPRO-HEAVY.OTF in Resources */,
				DE0511692944EE02004B7DB3 /* MARKPRO-BOLD.OTF in Resources */,
				DE0511682944EE02004B7DB3 /* MARKPRO-MEDIUM.OTF in Resources */,
			);
			runOnlyForDeploymentPostprocessing = 0;
		};
/* End PBXResourcesBuildPhase section */

/* Begin PBXSourcesBuildPhase section */
		DE2681AC293BDA6D00F1B5FC /* Sources */ = {
			isa = PBXSourcesBuildPhase;
			buildActionMask = 2147483647;
			files = (
				DE4090C02940E2EE00C66086 /* CoordinatorProtocol.swift in Sources */,
				DEF19E15293C9A7D0080EA00 /* AppCoordinator.swift in Sources */,
				DE335DB529576CCE002B2EAB /* DetailColorCollectionViewCell.swift in Sources */,
				DE7B353B294B624600DA61D8 /* FiltreViewModel.swift in Sources */,
				DE4565E9294BB81300717351 /* RoundedButton.swift in Sources */,
				DECB242929423BE9000A389D /* UIColor+Hex.swift in Sources */,
				DE4797AB2956254300178EC8 /* DetailImageCollectionViewCell.swift in Sources */,
				DE4565E4294BB2A600717351 /* FilterView.swift in Sources */,
				DE79C9CF29742BB200493FF6 /* FavorietsFlowCoorditanor.swift in Sources */,
				DE4565E7294BB6DE00717351 /* HeaderView.swift in Sources */,
				DEF19E25293E49560080EA00 /* MainBestSellerCollectionViewCell.swift in Sources */,
				DE79C9D129742C8B00493FF6 /* FavorietsFlowFactory.swift in Sources */,
				DE4A4D6E29467A1C005FD701 /* MainCollectionViewController.swift in Sources */,
				DE9C295E2976F2000062D1EC /* CustomAssets.swift in Sources */,
				DE4090CD294110AC00C66086 /* DetailViewModel.swift in Sources */,
				DECFA4F02954D30100380B20 /* DetailSpecsCollectionViewCell.swift in Sources */,
				DEC854BF293CFCBE00A8660E /* BestSellerProduct.swift in Sources */,
				DE944337294346900095338F /* UICollectioViewCell+Identefier.swift in Sources */,
				DEF19E27293E4A3E0080EA00 /* MainHomeStoreCollectionViewCell.swift in Sources */,
				DE599C3329749BBD00BA42EA /* MaterialSegmentedControl.swift in Sources */,
				DE4090CF2941139A00C66086 /* DetailViewController.swift in Sources */,
				DEB2C955297EF5EB00BC3E13 /* CartViewModel.swift in Sources */,
				DE79C9D429742E8C00493FF6 /* ProfileFlowCoordinator.swift in Sources */,
				DE79C9D629742F1700493FF6 /* ProfileFlowFactory.swift in Sources */,
				DE4090C42940E34200C66086 /* MainFlowCoordinator.swift in Sources */,
				DEF19E29293E4AFD0080EA00 /* MainCategoryCollectionViewCell.swift in Sources */,
				DE7B3543294B758C00DA61D8 /* UITableView+CellManagment.swift in Sources */,
				DE79C9CD2974210400493FF6 /* CartFlowCoordinator.swift in Sources */,
				DEF19E17293C9A8A0080EA00 /* MainFlowFactory.swift in Sources */,
				DE2681B4293BDA6D00F1B5FC /* AppDelegate.swift in Sources */,
				DEC854BD293CFCA000A8660E /* HomeStoreProduct.swift in Sources */,
				DEB2C95B297F012600BC3E13 /* CartTableViewCell.swift in Sources */,
				DEC854B9293CFC4700A8660E /* ProductProtocol.swift in Sources */,
				DE1F0C9F2951EEB500884A6E /* DetailSpecSubview.swift in Sources */,
				DEC854BB293CFC8100A8660E /* CartProduct.swift in Sources */,
				DE4090C82940E8C700C66086 /* MainViewModel.swift in Sources */,
				DEC854B3293C944900A8660E /* NetworkService.swift in Sources */,
				DEB2C959297F00BF00BC3E13 /* CartView.swift in Sources */,
				DEC854C4293CFCFF00A8660E /* Cart.swift in Sources */,
				DE97F0532970823900693DBE /* RoundedTapBarController.swift in Sources */,
				DE9DECC3296F045F00C6338A /* DetailCapasityCollectionViewCell.swift in Sources */,
				DEC854C6293CFD1400A8660E /* ProductList.swift in Sources */,
				DE4007A9294D258A00D5D9E0 /* FilterOptions.swift in Sources */,
				DE7B3541294B757500DA61D8 /* UITableViewCell+Identefier.swift in Sources */,
				DE335DB929577666002B2EAB /* DetailCollectionHeaderView.swift in Sources */,
				DE0511642944AF9C004B7DB3 /* UIFont+fontName.swift in Sources */,
				DEB2C95F297F04D800BC3E13 /* VerticalStepper.swift in Sources */,
				DEB2C957297EFD5C00BC3E13 /* CartViewController.swift in Sources */,
				DEC854C1293CFCCF00A8660E /* DetailProduct.swift in Sources */,
				DE8B1382294A05900004CDBB /* MainCollectionViewHeader.swift in Sources */,
				DED556AD2947B81A00C940BD /* MainCompositionalLayout.swift in Sources */,
				DE1F0C9D2951ED2D00884A6E /* DetailView.swift in Sources */,
				DE4565E0294BA25300717351 /* FilterViewController.swift in Sources */,
				DE79C9CB29741CD800493FF6 /* CartFlowFactory.swift in Sources */,
				DE4A4D7229468188005FD701 /* MainHeaderCollectionViewCell.swift in Sources */,
				DE2681B6293BDA6D00F1B5FC /* SceneDelegate.swift in Sources */,
				DE7B353F294B62E100DA61D8 /* FilterTableViewCell.swift in Sources */,
				DE4A4D7029468052005FD701 /* MainSearchCollectionViewCell.swift in Sources */,
				DE9443352943463F0095338F /* UICollectionView+cellManagment.swift in Sources */,
			);
			runOnlyForDeploymentPostprocessing = 0;
		};
/* End PBXSourcesBuildPhase section */

/* Begin PBXVariantGroup section */
		DE2681BE293BDA7000F1B5FC /* LaunchScreen.storyboard */ = {
			isa = PBXVariantGroup;
			children = (
				DE2681BF293BDA7000F1B5FC /* Base */,
			);
			name = LaunchScreen.storyboard;
			sourceTree = "<group>";
		};
/* End PBXVariantGroup section */

/* Begin XCBuildConfiguration section */
		DE2681C2293BDA7000F1B5FC /* Debug */ = {
			isa = XCBuildConfiguration;
			buildSettings = {
				ALWAYS_SEARCH_USER_PATHS = NO;
				CLANG_ANALYZER_NONNULL = YES;
				CLANG_ANALYZER_NUMBER_OBJECT_CONVERSION = YES_AGGRESSIVE;
				CLANG_CXX_LANGUAGE_STANDARD = "gnu++20";
				CLANG_ENABLE_MODULES = YES;
				CLANG_ENABLE_OBJC_ARC = YES;
				CLANG_ENABLE_OBJC_WEAK = YES;
				CLANG_WARN_BLOCK_CAPTURE_AUTORELEASING = YES;
				CLANG_WARN_BOOL_CONVERSION = YES;
				CLANG_WARN_COMMA = YES;
				CLANG_WARN_CONSTANT_CONVERSION = YES;
				CLANG_WARN_DEPRECATED_OBJC_IMPLEMENTATIONS = YES;
				CLANG_WARN_DIRECT_OBJC_ISA_USAGE = YES_ERROR;
				CLANG_WARN_DOCUMENTATION_COMMENTS = YES;
				CLANG_WARN_EMPTY_BODY = YES;
				CLANG_WARN_ENUM_CONVERSION = YES;
				CLANG_WARN_INFINITE_RECURSION = YES;
				CLANG_WARN_INT_CONVERSION = YES;
				CLANG_WARN_NON_LITERAL_NULL_CONVERSION = YES;
				CLANG_WARN_OBJC_IMPLICIT_RETAIN_SELF = YES;
				CLANG_WARN_OBJC_LITERAL_CONVERSION = YES;
				CLANG_WARN_OBJC_ROOT_CLASS = YES_ERROR;
				CLANG_WARN_QUOTED_INCLUDE_IN_FRAMEWORK_HEADER = YES;
				CLANG_WARN_RANGE_LOOP_ANALYSIS = YES;
				CLANG_WARN_STRICT_PROTOTYPES = YES;
				CLANG_WARN_SUSPICIOUS_MOVE = YES;
				CLANG_WARN_UNGUARDED_AVAILABILITY = YES_AGGRESSIVE;
				CLANG_WARN_UNREACHABLE_CODE = YES;
				CLANG_WARN__DUPLICATE_METHOD_MATCH = YES;
				COPY_PHASE_STRIP = NO;
				DEBUG_INFORMATION_FORMAT = dwarf;
				ENABLE_STRICT_OBJC_MSGSEND = YES;
				ENABLE_TESTABILITY = YES;
				GCC_C_LANGUAGE_STANDARD = gnu11;
				GCC_DYNAMIC_NO_PIC = NO;
				GCC_NO_COMMON_BLOCKS = YES;
				GCC_OPTIMIZATION_LEVEL = 0;
				GCC_PREPROCESSOR_DEFINITIONS = (
					"DEBUG=1",
					"$(inherited)",
				);
				GCC_WARN_64_TO_32_BIT_CONVERSION = YES;
				GCC_WARN_ABOUT_RETURN_TYPE = YES_ERROR;
				GCC_WARN_UNDECLARED_SELECTOR = YES;
				GCC_WARN_UNINITIALIZED_AUTOS = YES_AGGRESSIVE;
				GCC_WARN_UNUSED_FUNCTION = YES;
				GCC_WARN_UNUSED_VARIABLE = YES;
				IPHONEOS_DEPLOYMENT_TARGET = 16.1;
				MTL_ENABLE_DEBUG_INFO = INCLUDE_SOURCE;
				MTL_FAST_MATH = YES;
				ONLY_ACTIVE_ARCH = YES;
				SDKROOT = iphoneos;
				SWIFT_ACTIVE_COMPILATION_CONDITIONS = DEBUG;
				SWIFT_OPTIMIZATION_LEVEL = "-Onone";
			};
			name = Debug;
		};
		DE2681C3293BDA7000F1B5FC /* Release */ = {
			isa = XCBuildConfiguration;
			buildSettings = {
				ALWAYS_SEARCH_USER_PATHS = NO;
				CLANG_ANALYZER_NONNULL = YES;
				CLANG_ANALYZER_NUMBER_OBJECT_CONVERSION = YES_AGGRESSIVE;
				CLANG_CXX_LANGUAGE_STANDARD = "gnu++20";
				CLANG_ENABLE_MODULES = YES;
				CLANG_ENABLE_OBJC_ARC = YES;
				CLANG_ENABLE_OBJC_WEAK = YES;
				CLANG_WARN_BLOCK_CAPTURE_AUTORELEASING = YES;
				CLANG_WARN_BOOL_CONVERSION = YES;
				CLANG_WARN_COMMA = YES;
				CLANG_WARN_CONSTANT_CONVERSION = YES;
				CLANG_WARN_DEPRECATED_OBJC_IMPLEMENTATIONS = YES;
				CLANG_WARN_DIRECT_OBJC_ISA_USAGE = YES_ERROR;
				CLANG_WARN_DOCUMENTATION_COMMENTS = YES;
				CLANG_WARN_EMPTY_BODY = YES;
				CLANG_WARN_ENUM_CONVERSION = YES;
				CLANG_WARN_INFINITE_RECURSION = YES;
				CLANG_WARN_INT_CONVERSION = YES;
				CLANG_WARN_NON_LITERAL_NULL_CONVERSION = YES;
				CLANG_WARN_OBJC_IMPLICIT_RETAIN_SELF = YES;
				CLANG_WARN_OBJC_LITERAL_CONVERSION = YES;
				CLANG_WARN_OBJC_ROOT_CLASS = YES_ERROR;
				CLANG_WARN_QUOTED_INCLUDE_IN_FRAMEWORK_HEADER = YES;
				CLANG_WARN_RANGE_LOOP_ANALYSIS = YES;
				CLANG_WARN_STRICT_PROTOTYPES = YES;
				CLANG_WARN_SUSPICIOUS_MOVE = YES;
				CLANG_WARN_UNGUARDED_AVAILABILITY = YES_AGGRESSIVE;
				CLANG_WARN_UNREACHABLE_CODE = YES;
				CLANG_WARN__DUPLICATE_METHOD_MATCH = YES;
				COPY_PHASE_STRIP = NO;
				DEBUG_INFORMATION_FORMAT = "dwarf-with-dsym";
				ENABLE_NS_ASSERTIONS = NO;
				ENABLE_STRICT_OBJC_MSGSEND = YES;
				GCC_C_LANGUAGE_STANDARD = gnu11;
				GCC_NO_COMMON_BLOCKS = YES;
				GCC_WARN_64_TO_32_BIT_CONVERSION = YES;
				GCC_WARN_ABOUT_RETURN_TYPE = YES_ERROR;
				GCC_WARN_UNDECLARED_SELECTOR = YES;
				GCC_WARN_UNINITIALIZED_AUTOS = YES_AGGRESSIVE;
				GCC_WARN_UNUSED_FUNCTION = YES;
				GCC_WARN_UNUSED_VARIABLE = YES;
				IPHONEOS_DEPLOYMENT_TARGET = 16.1;
				MTL_ENABLE_DEBUG_INFO = NO;
				MTL_FAST_MATH = YES;
				SDKROOT = iphoneos;
				SWIFT_COMPILATION_MODE = wholemodule;
				SWIFT_OPTIMIZATION_LEVEL = "-O";
				VALIDATE_PRODUCT = YES;
			};
			name = Release;
		};
		DE2681C5293BDA7000F1B5FC /* Debug */ = {
			isa = XCBuildConfiguration;
			buildSettings = {
				ASSETCATALOG_COMPILER_APPICON_NAME = AppIcon;
				ASSETCATALOG_COMPILER_GLOBAL_ACCENT_COLOR_NAME = AccentColor;
				ASSETCATALOG_COMPILER_INCLUDE_ALL_APPICON_ASSETS = YES;
				CODE_SIGN_STYLE = Automatic;
				CURRENT_PROJECT_VERSION = 1;
				DEVELOPMENT_TEAM = DVR9X2HBAM;
				GENERATE_INFOPLIST_FILE = YES;
				INFOPLIST_FILE = GadgetShop/Info.plist;
				INFOPLIST_KEY_UIApplicationSupportsIndirectInputEvents = YES;
				INFOPLIST_KEY_UILaunchStoryboardName = LaunchScreen.storyboard;
				INFOPLIST_KEY_UIMainStoryboardFile = "";
				INFOPLIST_KEY_UISupportedInterfaceOrientations = "UIInterfaceOrientationLandscapeLeft UIInterfaceOrientationLandscapeRight UIInterfaceOrientationPortrait";
				INFOPLIST_KEY_UISupportedInterfaceOrientations_iPad = "UIInterfaceOrientationLandscapeLeft UIInterfaceOrientationLandscapeRight UIInterfaceOrientationPortrait UIInterfaceOrientationPortraitUpsideDown";
				IPHONEOS_DEPLOYMENT_TARGET = 15.0;
				LD_RUNPATH_SEARCH_PATHS = (
					"$(inherited)",
					"@executable_path/Frameworks",
				);
				MARKETING_VERSION = 1.0;
				PRODUCT_BUNDLE_IDENTIFIER = test.GadgetShop;
				PRODUCT_NAME = "$(TARGET_NAME)";
				SUPPORTED_PLATFORMS = "iphoneos iphonesimulator";
				SUPPORTS_MACCATALYST = NO;
				SUPPORTS_MAC_DESIGNED_FOR_IPHONE_IPAD = NO;
				SWIFT_EMIT_LOC_STRINGS = YES;
				SWIFT_VERSION = 5.0;
				TARGETED_DEVICE_FAMILY = 1;
			};
			name = Debug;
		};
		DE2681C6293BDA7000F1B5FC /* Release */ = {
			isa = XCBuildConfiguration;
			buildSettings = {
				ASSETCATALOG_COMPILER_APPICON_NAME = AppIcon;
				ASSETCATALOG_COMPILER_GLOBAL_ACCENT_COLOR_NAME = AccentColor;
				ASSETCATALOG_COMPILER_INCLUDE_ALL_APPICON_ASSETS = YES;
				CODE_SIGN_STYLE = Automatic;
				CURRENT_PROJECT_VERSION = 1;
				DEVELOPMENT_TEAM = DVR9X2HBAM;
				GENERATE_INFOPLIST_FILE = YES;
				INFOPLIST_FILE = GadgetShop/Info.plist;
				INFOPLIST_KEY_UIApplicationSupportsIndirectInputEvents = YES;
				INFOPLIST_KEY_UILaunchStoryboardName = LaunchScreen.storyboard;
				INFOPLIST_KEY_UIMainStoryboardFile = "";
				INFOPLIST_KEY_UISupportedInterfaceOrientations = "UIInterfaceOrientationLandscapeLeft UIInterfaceOrientationLandscapeRight UIInterfaceOrientationPortrait";
				INFOPLIST_KEY_UISupportedInterfaceOrientations_iPad = "UIInterfaceOrientationLandscapeLeft UIInterfaceOrientationLandscapeRight UIInterfaceOrientationPortrait UIInterfaceOrientationPortraitUpsideDown";
				IPHONEOS_DEPLOYMENT_TARGET = 15.0;
				LD_RUNPATH_SEARCH_PATHS = (
					"$(inherited)",
					"@executable_path/Frameworks",
				);
				MARKETING_VERSION = 1.0;
				PRODUCT_BUNDLE_IDENTIFIER = test.GadgetShop;
				PRODUCT_NAME = "$(TARGET_NAME)";
				SUPPORTED_PLATFORMS = "iphoneos iphonesimulator";
				SUPPORTS_MACCATALYST = NO;
				SUPPORTS_MAC_DESIGNED_FOR_IPHONE_IPAD = NO;
				SWIFT_EMIT_LOC_STRINGS = YES;
				SWIFT_VERSION = 5.0;
				TARGETED_DEVICE_FAMILY = 1;
			};
			name = Release;
		};
/* End XCBuildConfiguration section */

/* Begin XCConfigurationList section */
		DE2681AB293BDA6D00F1B5FC /* Build configuration list for PBXProject "GadgetShop" */ = {
			isa = XCConfigurationList;
			buildConfigurations = (
				DE2681C2293BDA7000F1B5FC /* Debug */,
				DE2681C3293BDA7000F1B5FC /* Release */,
			);
			defaultConfigurationIsVisible = 0;
			defaultConfigurationName = Release;
		};
		DE2681C4293BDA7000F1B5FC /* Build configuration list for PBXNativeTarget "GadgetShop" */ = {
			isa = XCConfigurationList;
			buildConfigurations = (
				DE2681C5293BDA7000F1B5FC /* Debug */,
				DE2681C6293BDA7000F1B5FC /* Release */,
			);
			defaultConfigurationIsVisible = 0;
			defaultConfigurationName = Release;
		};
/* End XCConfigurationList section */
	};
	rootObject = DE2681A8293BDA6D00F1B5FC /* Project object */;
}
